
Microsoft Visual Studio Solution File, Format Version 12.00
# Visual Studio Version 17
VisualStudioVersion = 17.4.33205.214
MinimumVisualStudioVersion = 10.0.40219.1
Project("{888888A0-9F3D-457C-B088-3A5042F75D52}") = "Praktiline_töö _Palgad", "Praktiline_töö _Palgad.pyproj", "{49F4C589-7069-4355-BD03-141B1325DFCF}"
EndProject
Global
	GlobalSection(SolutionConfigurationPlatforms) = preSolution
		Debug|Any CPU = Debug|Any CPU
		Release|Any CPU = Release|Any CPU
	EndGlobalSection
	GlobalSection(ProjectConfigurationPlatforms) = postSolution
		{49F4C589-7069-4355-BD03-141B1325DFCF}.Debug|Any CPU.ActiveCfg = Debug|Any CPU
		{49F4C589-7069-4355-BD03-141B1325DFCF}.Release|Any CPU.ActiveCfg = Release|Any CPU
	EndGlobalSection
	GlobalSection(SolutionProperties) = preSolution
		HideSolutionNode = FALSE
	EndGlobalSection
	GlobalSection(ExtensibilityGlobals) = postSolution
		SolutionGuid = {7EE4FCC4-C9E2-47C7-A3EE-FB9AFD4DC257}
	EndGlobalSection
EndGlobal
